
Microsoft Visual Studio Solution File, Format Version 12.00
# Visual Studio 15
VisualStudioVersion = 15.0.28307.271
MinimumVisualStudioVersion = 10.0.40219.1
Project("{FAE04EC0-301F-11D3-BF4B-00C04F79EFBC}") = "DBIT", "DBIT\DBIT.csproj", "{2C279237-DA46-4889-916E-A7E36D752861}"
EndProject
Project("{2150E333-8FDC-42A3-9474-1A3956D46DE8}") = "Solution Items", "Solution Items", "{F78C8ED6-2ADB-4D47-B6C0-337280DF4CAB}"
	ProjectSection(SolutionItems) = preProject
		..\..\..\..\Downloads\logo_HDw_icon.ico = ..\..\..\..\Downloads\logo_HDw_icon.ico
		..\..\..\..\Documents\SE361\UML1_DBIT.vsdx = ..\..\..\..\Documents\SE361\UML1_DBIT.vsdx
	EndProjectSection
EndProject
Global
	GlobalSection(SolutionConfigurationPlatforms) = preSolution
		Debug|Any CPU = Debug|Any CPU
		Release|Any CPU = Release|Any CPU
	EndGlobalSection
	GlobalSection(ProjectConfigurationPlatforms) = postSolution
		{2C279237-DA46-4889-916E-A7E36D752861}.Debug|Any CPU.ActiveCfg = Debug|Any CPU
		{2C279237-DA46-4889-916E-A7E36D752861}.Debug|Any CPU.Build.0 = Debug|Any CPU
		{2C279237-DA46-4889-916E-A7E36D752861}.Release|Any CPU.ActiveCfg = Release|Any CPU
		{2C279237-DA46-4889-916E-A7E36D752861}.Release|Any CPU.Build.0 = Release|Any CPU
	EndGlobalSection
	GlobalSection(SolutionProperties) = preSolution
		HideSolutionNode = FALSE
	EndGlobalSection
	GlobalSection(ExtensibilityGlobals) = postSolution
		SolutionGuid = {E9A14084-2F62-4512-B760-3BDA51FF1CBB}
	EndGlobalSection
EndGlobal
